
Microsoft Visual Studio Solution File, Format Version 12.00
# Visual Studio Version 17
VisualStudioVersion = 17.9.34714.143
MinimumVisualStudioVersion = 10.0.40219.1
Project("{FAE04EC0-301F-11D3-BF4B-00C04F79EFBC}") = "restore db script", "restore db script.csproj", "{87D80222-4A30-47DC-96C5-CD872DACC2FB}"
EndProject
Global
	GlobalSection(SolutionConfigurationPlatforms) = preSolution
		Debug|Any CPU = Debug|Any CPU
		Release|Any CPU = Release|Any CPU
	EndGlobalSection
	GlobalSection(ProjectConfigurationPlatforms) = postSolution
		{87D80222-4A30-47DC-96C5-CD872DACC2FB}.Debug|Any CPU.ActiveCfg = Debug|Any CPU
		{87D80222-4A30-47DC-96C5-CD872DACC2FB}.Debug|Any CPU.Build.0 = Debug|Any CPU
		{87D80222-4A30-47DC-96C5-CD872DACC2FB}.Release|Any CPU.ActiveCfg = Release|Any CPU
		{87D80222-4A30-47DC-96C5-CD872DACC2FB}.Release|Any CPU.Build.0 = Release|Any CPU
	EndGlobalSection
	GlobalSection(SolutionProperties) = preSolution
		HideSolutionNode = FALSE
	EndGlobalSection
	GlobalSection(ExtensibilityGlobals) = postSolution
		SolutionGuid = {FAEB54CB-B947-4EC8-BF1B-17560EDFEC29}
	EndGlobalSection
EndGlobal
